PODS:
  - SYABUtilites (0.0.1):
    - SYABUtilites/Macro (= 0.0.1)
    - SYABUtilites/UIApplication (= 0.0.1)
    - SYABUtilites/UIDevice (= 0.0.1)
  - SYABUtilites/Macro (0.0.1)
  - SYABUtilites/UIApplication (0.0.1)
  - SYABUtilites/UIDevice (0.0.1)

DEPENDENCIES:
  - SYABUtilites (from `../`)

EXTERNAL SOURCES:
  SYABUtilites:
    :path: "../"

SPEC CHECKSUMS:
  SYABUtilites: 94eefb367e07afd9aaab9092f1c9f6cfeaf21785

PODFILE CHECKSUM: b3f968713c06ad0f888fb2783c9bcd324724f607

COCOAPODS: 1.6.1
